
Microsoft Visual Studio Solution File, Format Version 12.00
# Visual Studio Version 17
VisualStudioVersion = 17.8.34330.188
MinimumVisualStudioVersion = 10.0.40219.1
Project("{FAE04EC0-301F-11D3-BF4B-00C04F79EFBC}") = "BlazorUploads", "BlazorUploads\BlazorUploads.csproj", "{834CC5A4-393F-42F6-B8EF-76C6E5DEC4EC}"
EndProject
Global
	GlobalSection(SolutionConfigurationPlatforms) = preSolution
		Debug|Any CPU = Debug|Any CPU
		Release|Any CPU = Release|Any CPU
	EndGlobalSection
	GlobalSection(ProjectConfigurationPlatforms) = postSolution
		{834CC5A4-393F-42F6-B8EF-76C6E5DEC4EC}.Debug|Any CPU.ActiveCfg = Debug|Any CPU
		{834CC5A4-393F-42F6-B8EF-76C6E5DEC4EC}.Debug|Any CPU.Build.0 = Debug|Any CPU
		{834CC5A4-393F-42F6-B8EF-76C6E5DEC4EC}.Release|Any CPU.ActiveCfg = Release|Any CPU
		{834CC5A4-393F-42F6-B8EF-76C6E5DEC4EC}.Release|Any CPU.Build.0 = Release|Any CPU
	EndGlobalSection
	GlobalSection(SolutionProperties) = preSolution
		HideSolutionNode = FALSE
	EndGlobalSection
	GlobalSection(ExtensibilityGlobals) = postSolution
		SolutionGuid = {85239AC1-DDA7-47AF-987D-E496F4085B91}
	EndGlobalSection
EndGlobal
